PODS:
  - Branch (1.44.0)
  - Capacitor (4.5.0):
    - CapacitorCordova
  - CapacitorActionSheet (4.1.0):
    - Capacitor
  - CapacitorApp (4.1.1):
    - Capacitor
  - CapacitorBrowser (4.1.0):
    - Capacitor
  - CapacitorCamera (4.1.4):
    - Capacitor
  - CapacitorCommunityIntercom (4.1.0-beta.1):
    - Capacitor
    - Intercom
  - CapacitorCordova (4.5.0)
  - CapacitorDevice (4.1.0):
    - Capacitor
  - CapacitorDialog (4.1.0):
    - Capacitor
  - CapacitorFilesystem (4.1.4):
    - Capacitor
  - CapacitorHaptics (4.1.0):
    - Capacitor
  - CapacitorKeyboard (4.1.0):
    - Capacitor
  - CapacitorLocalNotifications (4.1.3):
    - Capacitor
  - CapacitorPreferences (4.0.2):
    - Capacitor
  - CapacitorPushNotifications (4.1.2):
    - Capacitor
  - CapacitorSecureStoragePlugin (0.8.1):
    - Capacitor
    - SwiftKeychainWrapper
  - CapacitorShare (4.1.0):
    - Capacitor
  - CapacitorSplashScreen (4.1.2):
    - Capacitor
  - CapawesomeCapacitorFilePicker (0.5.2):
    - Capacitor
  - Firebase/CoreOnly (10.2.0):
    - FirebaseCore (= 10.2.0)
  - Firebase/Messaging (10.2.0):
    - Firebase/CoreOnly
    - FirebaseMessaging (~> 10.2.0)
  - FirebaseCore (10.2.0):
    - FirebaseCoreInternal (~> 10.0)
    - GoogleUtilities/Environment (~> 7.8)
    - GoogleUtilities/Logger (~> 7.8)
  - FirebaseCoreInternal (10.2.0):
    - "GoogleUtilities/NSData+zlib (~> 7.8)"
  - FirebaseInstallations (10.2.0):
    - FirebaseCore (~> 10.0)
    - GoogleUtilities/Environment (~> 7.8)
    - GoogleUtilities/UserDefaults (~> 7.8)
    - PromisesObjC (~> 2.1)
  - FirebaseMessaging (10.2.0):
    - FirebaseCore (~> 10.0)
    - FirebaseInstallations (~> 10.0)
    - GoogleDataTransport (~> 9.2)
    - GoogleUtilities/AppDelegateSwizzler (~> 7.8)
    - GoogleUtilities/Environment (~> 7.8)
    - GoogleUtilities/Reachability (~> 7.8)
    - GoogleUtilities/UserDefaults (~> 7.8)
    - nanopb (< 2.30910.0, >= 2.30908.0)
  - GoogleDataTransport (9.2.0):
    - GoogleUtilities/Environment (~> 7.7)
    - nanopb (< 2.30910.0, >= 2.30908.0)
    - PromisesObjC (< 3.0, >= 1.2)
  - GoogleUtilities/AppDelegateSwizzler (7.10.0):
    - GoogleUtilities/Environment
    - GoogleUtilities/Logger
    - GoogleUtilities/Network
  - GoogleUtilities/Environment (7.10.0):
    - PromisesObjC (< 3.0, >= 1.2)
  - GoogleUtilities/Logger (7.10.0):
    - GoogleUtilities/Environment
  - GoogleUtilities/Network (7.10.0):
    - GoogleUtilities/Logger
    - "GoogleUtilities/NSData+zlib"
    - GoogleUtilities/Reachability
  - "GoogleUtilities/NSData+zlib (7.10.0)"
  - GoogleUtilities/Reachability (7.10.0):
    - GoogleUtilities/Logger
  - GoogleUtilities/UserDefaults (7.10.0):
    - GoogleUtilities/Logger
  - HouseninjaCapacitorBranch (5.1.0-beta.6):
    - Branch
    - Capacitor
  - HouseninjaCapacitorMixpanel (1.0.0-beta.2):
    - Capacitor
    - Mixpanel-swift
  - Intercom (14.0.1)
  - MineminemineFcm (4.0.3):
    - Capacitor
    - Firebase/Messaging
  - Mixpanel-swift (4.0.2):
    - Mixpanel-swift/Complete (= 4.0.2)
  - Mixpanel-swift/Complete (4.0.2)
  - nanopb (2.30909.0):
    - nanopb/decode (= 2.30909.0)
    - nanopb/encode (= 2.30909.0)
  - nanopb/decode (2.30909.0)
  - nanopb/encode (2.30909.0)
  - PromisesObjC (2.1.1)
  - Sentry (7.23.0):
    - Sentry/Core (= 7.23.0)
  - Sentry/Core (7.23.0)
  - SentryCapacitor (0.10.1):
    - Capacitor
    - Sentry (~> 7.23.0)
  - SwiftKeychainWrapper (4.0.1)

DEPENDENCIES:
  - "Capacitor (from `../../node_modules/@capacitor/ios`)"
  - "CapacitorActionSheet (from `../../node_modules/@capacitor/action-sheet`)"
  - "CapacitorApp (from `../../node_modules/@capacitor/app`)"
  - "CapacitorBrowser (from `../../node_modules/@capacitor/browser`)"
  - "CapacitorCamera (from `../../node_modules/@capacitor/camera`)"
  - "CapacitorCommunityIntercom (from `../../node_modules/@capacitor-community/intercom`)"
  - "CapacitorCordova (from `../../node_modules/@capacitor/ios`)"
  - "CapacitorDevice (from `../../node_modules/@capacitor/device`)"
  - "CapacitorDialog (from `../../node_modules/@capacitor/dialog`)"
  - "CapacitorFilesystem (from `../../node_modules/@capacitor/filesystem`)"
  - "CapacitorHaptics (from `../../node_modules/@capacitor/haptics`)"
  - "CapacitorKeyboard (from `../../node_modules/@capacitor/keyboard`)"
  - "CapacitorLocalNotifications (from `../../node_modules/@capacitor/local-notifications`)"
  - "CapacitorPreferences (from `../../node_modules/@capacitor/preferences`)"
  - "CapacitorPushNotifications (from `../../node_modules/@capacitor/push-notifications`)"
  - CapacitorSecureStoragePlugin (from `../../node_modules/capacitor-secure-storage-plugin`)
  - "CapacitorShare (from `../../node_modules/@capacitor/share`)"
  - "CapacitorSplashScreen (from `../../node_modules/@capacitor/splash-screen`)"
  - "CapawesomeCapacitorFilePicker (from `../../node_modules/@capawesome/capacitor-file-picker`)"
  - Firebase/Messaging
  - "HouseninjaCapacitorBranch (from `../../node_modules/@houseninja/capacitor-branch`)"
  - "HouseninjaCapacitorMixpanel (from `../../node_modules/@houseninja/capacitor-mixpanel`)"
  - "MineminemineFcm (from `../../node_modules/@mineminemine/fcm`)"
  - "SentryCapacitor (from `../../node_modules/@sentry/capacitor`)"

SPEC REPOS:
  trunk:
    - Branch
    - Firebase
    - FirebaseCore
    - FirebaseCoreInternal
    - FirebaseInstallations
    - FirebaseMessaging
    - GoogleDataTransport
    - GoogleUtilities
    - Intercom
    - Mixpanel-swift
    - nanopb
    - PromisesObjC
    - Sentry
    - SwiftKeychainWrapper

EXTERNAL SOURCES:
  Capacitor:
    :path: "../../node_modules/@capacitor/ios"
  CapacitorActionSheet:
    :path: "../../node_modules/@capacitor/action-sheet"
  CapacitorApp:
    :path: "../../node_modules/@capacitor/app"
  CapacitorBrowser:
    :path: "../../node_modules/@capacitor/browser"
  CapacitorCamera:
    :path: "../../node_modules/@capacitor/camera"
  CapacitorCommunityIntercom:
    :path: "../../node_modules/@capacitor-community/intercom"
  CapacitorCordova:
    :path: "../../node_modules/@capacitor/ios"
  CapacitorDevice:
    :path: "../../node_modules/@capacitor/device"
  CapacitorDialog:
    :path: "../../node_modules/@capacitor/dialog"
  CapacitorFilesystem:
    :path: "../../node_modules/@capacitor/filesystem"
  CapacitorHaptics:
    :path: "../../node_modules/@capacitor/haptics"
  CapacitorKeyboard:
    :path: "../../node_modules/@capacitor/keyboard"
  CapacitorLocalNotifications:
    :path: "../../node_modules/@capacitor/local-notifications"
  CapacitorPreferences:
    :path: "../../node_modules/@capacitor/preferences"
  CapacitorPushNotifications:
    :path: "../../node_modules/@capacitor/push-notifications"
  CapacitorSecureStoragePlugin:
    :path: "../../node_modules/capacitor-secure-storage-plugin"
  CapacitorShare:
    :path: "../../node_modules/@capacitor/share"
  CapacitorSplashScreen:
    :path: "../../node_modules/@capacitor/splash-screen"
  CapawesomeCapacitorFilePicker:
    :path: "../../node_modules/@capawesome/capacitor-file-picker"
  HouseninjaCapacitorBranch:
    :path: "../../node_modules/@houseninja/capacitor-branch"
  HouseninjaCapacitorMixpanel:
    :path: "../../node_modules/@houseninja/capacitor-mixpanel"
  MineminemineFcm:
    :path: "../../node_modules/@mineminemine/fcm"
  SentryCapacitor:
    :path: "../../node_modules/@sentry/capacitor"

SPEC CHECKSUMS:
  Branch: 7ef075130253915439cec12fa99027f587a72d00
  Capacitor: 94ea746d6b460711feb030f0f6585680fd4599ad
  CapacitorActionSheet: ee4d0df75bdf0de950a3a33d71bcb1c4e2832ab4
  CapacitorApp: acd42fe8561fe751ad5b5f459aa85e6acd7bee24
  CapacitorBrowser: 05b68799d62b7b864974f59a5af3e4ddcce953f1
  CapacitorCamera: 8e1f9eac46c6a0b7df5619d20f021d852ccaa99a
  CapacitorCommunityIntercom: 7933dde2f061e27b51f5450a7a13dbd846888f11
  CapacitorCordova: 1ba7a0509217944974297afab40fec6093e93848
  CapacitorDevice: 63e8ef8837176b8caf67dc0717b8b1123754a955
  CapacitorDialog: c8a6558d29767e76a32a056bb5e0fc9104b985b0
  CapacitorFilesystem: 3d665e5b3719d9f6e240480a7468861b0bb35f93
  CapacitorHaptics: 213b3a1f3efd6dbf6e6b76a1b2bb0399cf43b213
  CapacitorKeyboard: 3c14461fb337847524357151edbbe4229bda83c8
  CapacitorLocalNotifications: 25de6516db2d67baf27a664676b97bf701983f49
  CapacitorPreferences: 1d66dc32299f55ed632c5611f312878979275ea5
  CapacitorPushNotifications: b59c99fb4041a4f2c450f9287d158cca48a788f0
  CapacitorSecureStoragePlugin: e616d090177dfbf9754dd1bdb515a8f23855bf4e
  CapacitorShare: d81b40de329187f4669ad8a40ce90fe2bbe3eecd
  CapacitorSplashScreen: 58602bb275ecbc4a7957b4cdf93497db24ae2289
  CapawesomeCapacitorFilePicker: a952b37c18e7fe752ca2970d34cdf04afa86f19d
  Firebase: a3ea7eba4382afd83808376edb99acdaff078dcf
  FirebaseCore: 813838072b797b64f529f3c2ee35e696e5641dd1
  FirebaseCoreInternal: 091bde13e47bb1c5e9fe397634f3593dc390430f
  FirebaseInstallations: 004915af170935e3a583faefd5f8bc851afc220f
  FirebaseMessaging: cc9f40f5b7494680f3844d08e517e92aa4e8d9f7
  GoogleDataTransport: 1c8145da7117bd68bbbed00cf304edb6a24de00f
  GoogleUtilities: bad72cb363809015b1f7f19beb1f1cd23c589f95
  HouseninjaCapacitorBranch: 919ac8f5c56e3b114c299276f263a1a53f1a0d83
  HouseninjaCapacitorMixpanel: c7ec7bbe3df11b2b84f701741c8b34698b4cf5f0
  Intercom: 4b93e75b58fdfd8ec92fb39343f4963dc12f0b33
  MineminemineFcm: c5da7f364c3221b1bca61bf6b1c5cb0167bc3a5c
  Mixpanel-swift: 91fc28834402720682f4cce760e95571fbb388c3
  nanopb: b552cce312b6c8484180ef47159bc0f65a1f0431
  PromisesObjC: ab77feca74fa2823e7af4249b8326368e61014cb
  Sentry: a0d4563fa4ddacba31fdcc35daaa8573d87224d6
  SentryCapacitor: 075a95f83c96e090ec47c561519fd9288c3aa686
  SwiftKeychainWrapper: 807ba1d63c33a7d0613288512399cd1eda1e470c

PODFILE CHECKSUM: c939924a78ff56a9fff3106084328be2e1fa2f2e

COCOAPODS: 1.11.3
