PODS:
  - Branch (1.43.1)
  - Capacitor (4.1.0):
    - CapacitorCordova
  - CapacitorActionSheet (4.0.1):
    - Capacitor
  - CapacitorApp (4.0.1):
    - Capacitor
  - CapacitorBranchDeepLinks (5.0.0):
    - Branch
    - Capacitor
  - CapacitorBrowser (4.0.1):
    - Capacitor
  - CapacitorCamera (4.1.0):
    - Capacitor
  - CapacitorCommunityHttp (2.0.0-0):
    - Capacitor
  - CapacitorCommunityIntercom (3.0.3):
    - Capacitor
    - Intercom
  - CapacitorCordova (4.1.0)
  - CapacitorDevice (4.0.1):
    - Capacitor
  - CapacitorDialog (4.0.1):
    - Capacitor
  - CapacitorFilesystem (4.1.0):
    - Capacitor
  - CapacitorHaptics (4.0.1):
    - Capacitor
  - CapacitorKeyboard (4.0.1):
    - Capacitor
  - CapacitorLocalNotifications (4.0.1):
    - Capacitor
  - CapacitorPreferences (4.0.1):
    - Capacitor
  - CapacitorPushNotifications (4.0.1):
    - Capacitor
  - CapacitorSecureStoragePlugin (0.8.0):
    - Capacitor
    - SwiftKeychainWrapper
  - CapacitorShare (4.0.1):
    - Capacitor
  - CapacitorSplashScreen (4.0.1):
    - Capacitor
  - CapawesomeCapacitorFilePicker (0.5.0):
    - Capacitor
  - Firebase/CoreOnly (9.5.0):
    - FirebaseCore (= 9.5.0)
  - Firebase/Messaging (9.5.0):
    - Firebase/CoreOnly
    - FirebaseMessaging (~> 9.5.0)
  - FirebaseCore (9.5.0):
    - FirebaseCoreDiagnostics (~> 9.0)
    - FirebaseCoreInternal (~> 9.0)
    - GoogleUtilities/Environment (~> 7.7)
    - GoogleUtilities/Logger (~> 7.7)
  - FirebaseCoreDiagnostics (9.5.0):
    - GoogleDataTransport (< 10.0.0, >= 9.1.4)
    - GoogleUtilities/Environment (~> 7.7)
    - GoogleUtilities/Logger (~> 7.7)
    - nanopb (< 2.30910.0, >= 2.30908.0)
  - FirebaseCoreInternal (9.5.0):
    - "GoogleUtilities/NSData+zlib (~> 7.7)"
  - FirebaseInstallations (9.5.0):
    - FirebaseCore (~> 9.0)
    - GoogleUtilities/Environment (~> 7.7)
    - GoogleUtilities/UserDefaults (~> 7.7)
    - PromisesObjC (~> 2.1)
  - FirebaseMessaging (9.5.0):
    - FirebaseCore (~> 9.0)
    - FirebaseInstallations (~> 9.0)
    - GoogleDataTransport (< 10.0.0, >= 9.1.4)
    - GoogleUtilities/AppDelegateSwizzler (~> 7.7)
    - GoogleUtilities/Environment (~> 7.7)
    - GoogleUtilities/Reachability (~> 7.7)
    - GoogleUtilities/UserDefaults (~> 7.7)
    - nanopb (< 2.30910.0, >= 2.30908.0)
  - GoogleDataTransport (9.2.0):
    - GoogleUtilities/Environment (~> 7.7)
    - nanopb (< 2.30910.0, >= 2.30908.0)
    - PromisesObjC (< 3.0, >= 1.2)
  - GoogleUtilities/AppDelegateSwizzler (7.7.0):
    - GoogleUtilities/Environment
    - GoogleUtilities/Logger
    - GoogleUtilities/Network
  - GoogleUtilities/Environment (7.7.0):
    - PromisesObjC (< 3.0, >= 1.2)
  - GoogleUtilities/Logger (7.7.0):
    - GoogleUtilities/Environment
  - GoogleUtilities/Network (7.7.0):
    - GoogleUtilities/Logger
    - "GoogleUtilities/NSData+zlib"
    - GoogleUtilities/Reachability
  - "GoogleUtilities/NSData+zlib (7.7.0)"
  - GoogleUtilities/Reachability (7.7.0):
    - GoogleUtilities/Logger
  - GoogleUtilities/UserDefaults (7.7.0):
    - GoogleUtilities/Logger
  - HouseninjaCapacitorMixpanel (1.0.0-beta.2):
    - Capacitor
    - Mixpanel-swift
  - Intercom (12.4.3)
  - MineminemineFcm (4.0.3):
    - Capacitor
    - Firebase/Messaging
  - Mixpanel-swift (4.0.0):
    - Mixpanel-swift/Complete (= 4.0.0)
  - Mixpanel-swift/Complete (4.0.0)
  - nanopb (2.30909.0):
    - nanopb/decode (= 2.30909.0)
    - nanopb/encode (= 2.30909.0)
  - nanopb/decode (2.30909.0)
  - nanopb/encode (2.30909.0)
  - PromisesObjC (2.1.1)
  - Sentry (7.23.0):
    - Sentry/Core (= 7.23.0)
  - Sentry/Core (7.23.0)
  - SentryCapacitor (0.10.0):
    - Capacitor
    - Sentry (~> 7.23.0)
  - SwiftKeychainWrapper (4.0.1)

DEPENDENCIES:
  - "Capacitor (from `../../node_modules/@capacitor/ios`)"
  - "CapacitorActionSheet (from `../../node_modules/@capacitor/action-sheet`)"
  - "CapacitorApp (from `../../node_modules/@capacitor/app`)"
  - CapacitorBranchDeepLinks (from `../../node_modules/capacitor-branch-deep-links`)
  - "CapacitorBrowser (from `../../node_modules/@capacitor/browser`)"
  - "CapacitorCamera (from `../../node_modules/@capacitor/camera`)"
  - "CapacitorCommunityHttp (from `../../node_modules/@capacitor-community/http`)"
  - "CapacitorCommunityIntercom (from `../../node_modules/@capacitor-community/intercom`)"
  - "CapacitorCordova (from `../../node_modules/@capacitor/ios`)"
  - "CapacitorDevice (from `../../node_modules/@capacitor/device`)"
  - "CapacitorDialog (from `../../node_modules/@capacitor/dialog`)"
  - "CapacitorFilesystem (from `../../node_modules/@capacitor/filesystem`)"
  - "CapacitorHaptics (from `../../node_modules/@capacitor/haptics`)"
  - "CapacitorKeyboard (from `../../node_modules/@capacitor/keyboard`)"
  - "CapacitorLocalNotifications (from `../../node_modules/@capacitor/local-notifications`)"
  - "CapacitorPreferences (from `../../node_modules/@capacitor/preferences`)"
  - "CapacitorPushNotifications (from `../../node_modules/@capacitor/push-notifications`)"
  - CapacitorSecureStoragePlugin (from `../../node_modules/capacitor-secure-storage-plugin`)
  - "CapacitorShare (from `../../node_modules/@capacitor/share`)"
  - "CapacitorSplashScreen (from `../../node_modules/@capacitor/splash-screen`)"
  - "CapawesomeCapacitorFilePicker (from `../../node_modules/@capawesome/capacitor-file-picker`)"
  - Firebase/Messaging
  - "HouseninjaCapacitorMixpanel (from `../../node_modules/@houseninja/capacitor-mixpanel`)"
  - "MineminemineFcm (from `../../node_modules/@mineminemine/fcm`)"
  - "SentryCapacitor (from `../../node_modules/@sentry/capacitor`)"

SPEC REPOS:
  trunk:
    - Branch
    - Firebase
    - FirebaseCore
    - FirebaseCoreDiagnostics
    - FirebaseCoreInternal
    - FirebaseInstallations
    - FirebaseMessaging
    - GoogleDataTransport
    - GoogleUtilities
    - Intercom
    - Mixpanel-swift
    - nanopb
    - PromisesObjC
    - Sentry
    - SwiftKeychainWrapper

EXTERNAL SOURCES:
  Capacitor:
    :path: "../../node_modules/@capacitor/ios"
  CapacitorActionSheet:
    :path: "../../node_modules/@capacitor/action-sheet"
  CapacitorApp:
    :path: "../../node_modules/@capacitor/app"
  CapacitorBranchDeepLinks:
    :path: "../../node_modules/capacitor-branch-deep-links"
  CapacitorBrowser:
    :path: "../../node_modules/@capacitor/browser"
  CapacitorCamera:
    :path: "../../node_modules/@capacitor/camera"
  CapacitorCommunityHttp:
    :path: "../../node_modules/@capacitor-community/http"
  CapacitorCommunityIntercom:
    :path: "../../node_modules/@capacitor-community/intercom"
  CapacitorCordova:
    :path: "../../node_modules/@capacitor/ios"
  CapacitorDevice:
    :path: "../../node_modules/@capacitor/device"
  CapacitorDialog:
    :path: "../../node_modules/@capacitor/dialog"
  CapacitorFilesystem:
    :path: "../../node_modules/@capacitor/filesystem"
  CapacitorHaptics:
    :path: "../../node_modules/@capacitor/haptics"
  CapacitorKeyboard:
    :path: "../../node_modules/@capacitor/keyboard"
  CapacitorLocalNotifications:
    :path: "../../node_modules/@capacitor/local-notifications"
  CapacitorPreferences:
    :path: "../../node_modules/@capacitor/preferences"
  CapacitorPushNotifications:
    :path: "../../node_modules/@capacitor/push-notifications"
  CapacitorSecureStoragePlugin:
    :path: "../../node_modules/capacitor-secure-storage-plugin"
  CapacitorShare:
    :path: "../../node_modules/@capacitor/share"
  CapacitorSplashScreen:
    :path: "../../node_modules/@capacitor/splash-screen"
  CapawesomeCapacitorFilePicker:
    :path: "../../node_modules/@capawesome/capacitor-file-picker"
  HouseninjaCapacitorMixpanel:
    :path: "../../node_modules/@houseninja/capacitor-mixpanel"
  MineminemineFcm:
    :path: "../../node_modules/@mineminemine/fcm"
  SentryCapacitor:
    :path: "../../node_modules/@sentry/capacitor"

SPEC CHECKSUMS:
  Branch: b5b57fc2e6f098916fd2ea26c9b66f52ffe7e293
  Capacitor: 525c8f270214dea07bc75b5ca9dc10ac3c0f38d4
  CapacitorActionSheet: addfd7a5680c40ddba677c6a2a0896b644996fa2
  CapacitorApp: 70ea773d069c24ab188ae7a01237b951920ffacf
  CapacitorBranchDeepLinks: b89845501569ad98f54ee1b7015244b8bce7e021
  CapacitorBrowser: dd60215f52e232cb209459b0b77cea56ea2e8ade
  CapacitorCamera: 0c2f63e8af2d9984e2ff8712274e0cfccece938b
  CapacitorCommunityHttp: 72a0758deecbd6ebf2b600c2a6a1bdc8563f8ac4
  CapacitorCommunityIntercom: 6a8aba15da594d5535f0284dea4ac8d7edf622ed
  CapacitorCordova: 63c02d1f0b3b08ccddcbdcbab0087f54135e76b0
  CapacitorDevice: 70e6a1993d309d5e77c47072ba144e2dd3d5a503
  CapacitorDialog: e979738675fcd964bfab54c705ff77abb985f5c9
  CapacitorFilesystem: 328bf35e2fe78d8e8144ac7d2e7476cc395f6b44
  CapacitorHaptics: 02d48e2efca06ccf3273dbb638b68b0e145f623a
  CapacitorKeyboard: 3b49a9d517641c123fb691713f99a89d6ebf3a37
  CapacitorLocalNotifications: 24350326640221bd31baaf7b052ddc83b189c352
  CapacitorPreferences: d365ea3b5023b2aac39e8f5ce18de141e39d2cae
  CapacitorPushNotifications: 3f6c041596bfc3a55ec84150a4de05a2fa9b26ba
  CapacitorSecureStoragePlugin: f4d8b50d96bebd71b21b6eb2322544cb1fd92bea
  CapacitorShare: d5da7b440281d2eaef9c4af7e913548fb060a7bc
  CapacitorSplashScreen: 4fc967486a75ae5ef6f0fe154f60f68fd83e5ac3
  CapawesomeCapacitorFilePicker: d721be0300ec528fb6e18ce9d12560e9f55231b1
  Firebase: 800f16f07af493d98d017446a315c27af0552f41
  FirebaseCore: 25c0400b670fd1e2f2104349cd3b5dcce8d9418f
  FirebaseCoreDiagnostics: 17cbf4e72b1dbd64bfdc33d4b1f07bce4f16f1d8
  FirebaseCoreInternal: 50a8e39cae8abf72d5145d07ea34c3244f70862b
  FirebaseInstallations: 41f811b530c41dd90973d0174381cdb3fcb5e839
  FirebaseMessaging: 732623518591384f61c287e3d8f65294beb7ffb3
  GoogleDataTransport: 1c8145da7117bd68bbbed00cf304edb6a24de00f
  GoogleUtilities: e0913149f6b0625b553d70dae12b49fc62914fd1
  HouseninjaCapacitorMixpanel: c7ec7bbe3df11b2b84f701741c8b34698b4cf5f0
  Intercom: 43bfacc55b1c93cce9ec569833696d3f15678430
  MineminemineFcm: c5da7f364c3221b1bca61bf6b1c5cb0167bc3a5c
  Mixpanel-swift: 04a0326f195237e16a27debf505e477c23722262
  nanopb: b552cce312b6c8484180ef47159bc0f65a1f0431
  PromisesObjC: ab77feca74fa2823e7af4249b8326368e61014cb
  Sentry: a0d4563fa4ddacba31fdcc35daaa8573d87224d6
  SentryCapacitor: da1721be0244bb90695b681f3e03521080b528e3
  SwiftKeychainWrapper: 807ba1d63c33a7d0613288512399cd1eda1e470c

PODFILE CHECKSUM: 1422ee1a9227c5ae3eb17665bf4cb14e025409d4

COCOAPODS: 1.11.3
