name: ci / deps / podfile.lock

on:
  workflow_dispatch:
  pull_request:
    # branches:
    #   - 'dependabot/npm_and_yarn/**'
    #   - 'dependabot/**'
    branches:
      - try-auto-check

jobs:
  update-podfile-lock:
    permissions:
      contents: write
      pull-requests: write
    runs-on: ubuntu-latest
    # if: ${{ contains(github.event.pull_request.title, 'capacitor') }}
    steps:
      - name: Get commit message
        uses: dotCMS/commit-message-getter@v1
        id: commit-message-getter
        with:
          excludeDescription: 'true' # optional: this excludes the description body of a pull request
          excludeTitle: 'false' # optional: this excludes the title of a pull request
          checkAllCommitMessages: 'false' # optional: this checks all commits associated with a pull request
          accessToken: ${{ secrets.GITHUB_TOKEN }} # github access token is only required if checkAllCommitMessages is true
      - run: exit 0
        if: contains(steps.commit-message-getter.outputs.message, 'capacitor') == false
      - uses: actions/checkout@v3
      - name: Checkout PR
        env:
          GITHUB_TOKEN: ${{ secrets.GITHUB_TOKEN }}
        run: gh pr checkout ${{ github.event.pull_request.number }}
      - uses: actions/setup-node@v3
        with:
          node-version: '16'
          cache: 'yarn'
      - name: Install dependencies
        run: yarn install --immutable
      - uses: ruby/setup-ruby@v1
        with:
          ruby-version: 3.1.0
          bundler-cache: true
          working-directory: 'ios/App'
      - uses: actions/cache/restore@v3
        id: restore-pods
        with:
          path: ios/App/Pods
          key: build-pods-${{ hashFiles('ios/App/Podfile') }}
          restore-keys: |
            build-pods-
      - run: gem install cocoapods
        working-directory: 'ios/App'
      - run: mkdir -p dist && touch dist/index.html
      - run: npx cap update ios
      - name: Commit changes
        continue-on-error: true
        run: |
          git config --local user.email "github-actions[bot]@users.noreply.github.com"
          git config --local user.name "github-actions[bot]"
          git add ios/App/Podfile.lock
          git commit -m "ci: update Podfile.lock [skip ci]"
      - name: Push changes
        if: success()
        env:
          GITHUB_TOKEN: ${{ secrets.GITHUB_TOKEN }}
        run: git push
